// !$*UTF8*$!
{
	archiveVersion = 1;
	classes = {
	};
	objectVersion = 46;
	objects = {

/* Begin PBXBuildFile section */
		3636ED9B1F1EAAEF00BB580C /* AppDelegate.swift in Sources */ = {isa = PBXBuildFile; fileRef = 3636ED9A1F1EAAEF00BB580C /* AppDelegate.swift */; };
		3636ED9D1F1EAAEF00BB580C /* ViewController.swift in Sources */ = {isa = PBXBuildFile; fileRef = 3636ED9C1F1EAAEF00BB580C /* ViewController.swift */; };
		3636EDA01F1EAAEF00BB580C /* Main.storyboard in Resources */ = {isa = PBXBuildFile; fileRef = 3636ED9E1F1EAAEF00BB580C /* Main.storyboard */; };
		3636EDA21F1EAAEF00BB580C /* Assets.xcassets in Resources */ = {isa = PBXBuildFile; fileRef = 3636EDA11F1EAAEF00BB580C /* Assets.xcassets */; };
		3636EDA51F1EAAEF00BB580C /* LaunchScreen.storyboard in Resources */ = {isa = PBXBuildFile; fileRef = 3636EDA31F1EAAEF00BB580C /* LaunchScreen.storyboard */; };
		3636EDAE1F1EAF6000BB580C /* GoogleService-Info.plist in Resources */ = {isa = PBXBuildFile; fileRef = 3636EDAD1F1EAF6000BB580C /* GoogleService-Info.plist */; };
		369771041F2BBC19009BE261 /* Default-568h@2x.png in Resources */ = {isa = PBXBuildFile; fileRef = 369771031F2BBC19009BE261 /* Default-568h@2x.png */; };
		F7378B90C6511E6C4B9BAA1C /* Pods_beachbites.framework in Frameworks */ = {isa = PBXBuildFile; fileRef = 7FDC393805207B4E1A969DB1 /* Pods_beachbites.framework */; };
/* End PBXBuildFile section */

/* Begin PBXFileReference section */
		3636ED971F1EAAEF00BB580C /* beachbites.app */ = {isa = PBXFileReference; explicitFileType = wrapper.application; includeInIndex = 0; path = beachbites.app; sourceTree = BUILT_PRODUCTS_DIR; };
		3636ED9A1F1EAAEF00BB580C /* AppDelegate.swift */ = {isa = PBXFileReference; lastKnownFileType = sourcecode.swift; path = AppDelegate.swift; sourceTree = "<group>"; };
		3636ED9C1F1EAAEF00BB580C /* ViewController.swift */ = {isa = PBXFileReference; lastKnownFileType = sourcecode.swift; path = ViewController.swift; sourceTree = "<group>"; };
		3636ED9F1F1EAAEF00BB580C /* Base */ = {isa = PBXFileReference; lastKnownFileType = file.storyboard; name = Base; path = Base.lproj/Main.storyboard; sourceTree = "<group>"; };
		3636EDA11F1EAAEF00BB580C /* Assets.xcassets */ = {isa = PBXFileReference; lastKnownFileType = folder.assetcatalog; path = Assets.xcassets; sourceTree = "<group>"; };
		3636EDA41F1EAAEF00BB580C /* Base */ = {isa = PBXFileReference; lastKnownFileType = file.storyboard; name = Base; path = Base.lproj/LaunchScreen.storyboard; sourceTree = "<group>"; };
		3636EDA61F1EAAEF00BB580C /* Info.plist */ = {isa = PBXFileReference; lastKnownFileType = text.plist.xml; path = Info.plist; sourceTree = "<group>"; };
		3636EDAC1F1EACAC00BB580C /* beachbites.entitlements */ = {isa = PBXFileReference; lastKnownFileType = text.plist.entitlements; path = beachbites.entitlements; sourceTree = "<group>"; };
		3636EDAD1F1EAF6000BB580C /* GoogleService-Info.plist */ = {isa = PBXFileReference; fileEncoding = 4; lastKnownFileType = text.plist.xml; path = "GoogleService-Info.plist"; sourceTree = "<group>"; };
		369771031F2BBC19009BE261 /* Default-568h@2x.png */ = {isa = PBXFileReference; lastKnownFileType = image.png; path = "Default-568h@2x.png"; sourceTree = "<group>"; };
		6A357A3C3794DAED263746AC /* Pods-beachbites.release.xcconfig */ = {isa = PBXFileReference; includeInIndex = 1; lastKnownFileType = text.xcconfig; name = "Pods-beachbites.release.xcconfig"; path = "Pods/Target Support Files/Pods-beachbites/Pods-beachbites.release.xcconfig"; sourceTree = "<group>"; };
		7FDC393805207B4E1A969DB1 /* Pods_beachbites.framework */ = {isa = PBXFileReference; explicitFileType = wrapper.framework; includeInIndex = 0; path = Pods_beachbites.framework; sourceTree = BUILT_PRODUCTS_DIR; };
		9FCF068837BC2E8A8C25E451 /* Pods-beachbites.debug.xcconfig */ = {isa = PBXFileReference; includeInIndex = 1; lastKnownFileType = text.xcconfig; name = "Pods-beachbites.debug.xcconfig"; path = "Pods/Target Support Files/Pods-beachbites/Pods-beachbites.debug.xcconfig"; sourceTree = "<group>"; };
/* End PBXFileReference section */

/* Begin PBXFrameworksBuildPhase section */
		3636ED941F1EAAEF00BB580C /* Frameworks */ = {
			isa = PBXFrameworksBuildPhase;
			buildActionMask = 2147483647;
			files = (
				F7378B90C6511E6C4B9BAA1C /* Pods_beachbites.framework in Frameworks */,
			);
			runOnlyForDeploymentPostprocessing = 0;
		};
/* End PBXFrameworksBuildPhase section */

/* Begin PBXGroup section */
		3636ED8E1F1EAAEF00BB580C = {
			isa = PBXGroup;
			children = (
				369771031F2BBC19009BE261 /* Default-568h@2x.png */,
				3636ED991F1EAAEF00BB580C /* beachbites */,
				3636ED981F1EAAEF00BB580C /* Products */,
				8855108B954ED789DC47BC45 /* Pods */,
				7DC19D88FA0880FC80F2F986 /* Frameworks */,
			);
			indentWidth = 0;
			sourceTree = "<group>";
			tabWidth = 1;
		};
		3636ED981F1EAAEF00BB580C /* Products */ = {
			isa = PBXGroup;
			children = (
				3636ED971F1EAAEF00BB580C /* beachbites.app */,
			);
			name = Products;
			sourceTree = "<group>";
		};
		3636ED991F1EAAEF00BB580C /* beachbites */ = {
			isa = PBXGroup;
			children = (
				3636EDAD1F1EAF6000BB580C /* GoogleService-Info.plist */,
				3636EDAC1F1EACAC00BB580C /* beachbites.entitlements */,
				3636ED9A1F1EAAEF00BB580C /* AppDelegate.swift */,
				3636ED9C1F1EAAEF00BB580C /* ViewController.swift */,
				3636ED9E1F1EAAEF00BB580C /* Main.storyboard */,
				3636EDA11F1EAAEF00BB580C /* Assets.xcassets */,
				3636EDA31F1EAAEF00BB580C /* LaunchScreen.storyboard */,
				3636EDA61F1EAAEF00BB580C /* Info.plist */,
			);
			path = beachbites;
			sourceTree = "<group>";
		};
		7DC19D88FA0880FC80F2F986 /* Frameworks */ = {
			isa = PBXGroup;
			children = (
				7FDC393805207B4E1A969DB1 /* Pods_beachbites.framework */,
			);
			name = Frameworks;
			sourceTree = "<group>";
		};
		8855108B954ED789DC47BC45 /* Pods */ = {
			isa = PBXGroup;
			children = (
				9FCF068837BC2E8A8C25E451 /* Pods-beachbites.debug.xcconfig */,
				6A357A3C3794DAED263746AC /* Pods-beachbites.release.xcconfig */,
			);
			name = Pods;
			sourceTree = "<group>";
		};
/* End PBXGroup section */

/* Begin PBXNativeTarget section */
		3636ED961F1EAAEF00BB580C /* beachbites */ = {
			isa = PBXNativeTarget;
			buildConfigurationList = 3636EDA91F1EAAEF00BB580C /* Build configuration list for PBXNativeTarget "beachbites" */;
			buildPhases = (
				879CFB4EDF20907BE18B7570 /* [CP] Check Pods Manifest.lock */,
				3636ED931F1EAAEF00BB580C /* Sources */,
				3636ED941F1EAAEF00BB580C /* Frameworks */,
				3636ED951F1EAAEF00BB580C /* Resources */,
				7665841A1DD4626978773E7D /* [CP] Embed Pods Frameworks */,
				4877F453A00F496772A8CD0B /* [CP] Copy Pods Resources */,
			);
			buildRules = (
			);
			dependencies = (
			);
			name = beachbites;
			productName = beachbites;
			productReference = 3636ED971F1EAAEF00BB580C /* beachbites.app */;
			productType = "com.apple.product-type.application";
		};
/* End PBXNativeTarget section */

/* Begin PBXProject section */
		3636ED8F1F1EAAEF00BB580C /* Project object */ = {
			isa = PBXProject;
			attributes = {
				LastSwiftUpdateCheck = 0830;
				LastUpgradeCheck = 0830;
				ORGANIZATIONNAME = appdev;
				TargetAttributes = {
					3636ED961F1EAAEF00BB580C = {
						CreatedOnToolsVersion = 8.3.3;
						DevelopmentTeam = 24N45J8FZG;
						LastSwiftMigration = 1000;
						ProvisioningStyle = Automatic;
						SystemCapabilities = {
							com.apple.BackgroundModes = {
								enabled = 1;
							};
							com.apple.Push = {
								enabled = 1;
							};
						};
					};
				};
			};
			buildConfigurationList = 3636ED921F1EAAEF00BB580C /* Build configuration list for PBXProject "beachbites" */;
			compatibilityVersion = "Xcode 3.2";
			developmentRegion = English;
			hasScannedForEncodings = 0;
			knownRegions = (
				en,
				Base,
			);
			mainGroup = 3636ED8E1F1EAAEF00BB580C;
			productRefGroup = 3636ED981F1EAAEF00BB580C /* Products */;
			projectDirPath = "";
			projectRoot = "";
			targets = (
				3636ED961F1EAAEF00BB580C /* beachbites */,
			);
		};
/* End PBXProject section */

/* Begin PBXResourcesBuildPhase section */
		3636ED951F1EAAEF00BB580C /* Resources */ = {
			isa = PBXResourcesBuildPhase;
			buildActionMask = 2147483647;
			files = (
				3636EDA51F1EAAEF00BB580C /* LaunchScreen.storyboard in Resources */,
				3636EDAE1F1EAF6000BB580C /* GoogleService-Info.plist in Resources */,
				3636EDA21F1EAAEF00BB580C /* Assets.xcassets in Resources */,
				369771041F2BBC19009BE261 /* Default-568h@2x.png in Resources */,
				3636EDA01F1EAAEF00BB580C /* Main.storyboard in Resources */,
			);
			runOnlyForDeploymentPostprocessing = 0;
		};
/* End PBXResourcesBuildPhase section */

/* Begin PBXShellScriptBuildPhase section */
		4877F453A00F496772A8CD0B /* [CP] Copy Pods Resources */ = {
			isa = PBXShellScriptBuildPhase;
			buildActionMask = 2147483647;
			files = (
			);
			inputPaths = (
			);
			name = "[CP] Copy Pods Resources";
			outputPaths = (
			);
			runOnlyForDeploymentPostprocessing = 0;
			shellPath = /bin/sh;
			shellScript = "\"${SRCROOT}/Pods/Target Support Files/Pods-beachbites/Pods-beachbites-resources.sh\"\n";
			showEnvVarsInLog = 0;
		};
		7665841A1DD4626978773E7D /* [CP] Embed Pods Frameworks */ = {
			isa = PBXShellScriptBuildPhase;
			buildActionMask = 2147483647;
			files = (
			);
			inputPaths = (
			);
			name = "[CP] Embed Pods Frameworks";
			outputPaths = (
			);
			runOnlyForDeploymentPostprocessing = 0;
			shellPath = /bin/sh;
			shellScript = "\"${SRCROOT}/Pods/Target Support Files/Pods-beachbites/Pods-beachbites-frameworks.sh\"\n";
			showEnvVarsInLog = 0;
		};
		879CFB4EDF20907BE18B7570 /* [CP] Check Pods Manifest.lock */ = {
			isa = PBXShellScriptBuildPhase;
			buildActionMask = 2147483647;
			files = (
			);
			inputPaths = (
			);
			name = "[CP] Check Pods Manifest.lock";
			outputPaths = (
			);
			runOnlyForDeploymentPostprocessing = 0;
			shellPath = /bin/sh;
			shellScript = "diff \"${PODS_PODFILE_DIR_PATH}/Podfile.lock\" \"${PODS_ROOT}/Manifest.lock\" > /dev/null\nif [ $? != 0 ] ; then\n    # print error to STDERR\n    echo \"error: The sandbox is not in sync with the Podfile.lock. Run 'pod install' or update your CocoaPods installation.\" >&2\n    exit 1\nfi\n";
			showEnvVarsInLog = 0;
		};
/* End PBXShellScriptBuildPhase section */

/* Begin PBXSourcesBuildPhase section */
		3636ED931F1EAAEF00BB580C /* Sources */ = {
			isa = PBXSourcesBuildPhase;
			buildActionMask = 2147483647;
			files = (
				3636ED9D1F1EAAEF00BB580C /* ViewController.swift in Sources */,
				3636ED9B1F1EAAEF00BB580C /* AppDelegate.swift in Sources */,
			);
			runOnlyForDeploymentPostprocessing = 0;
		};
/* End PBXSourcesBuildPhase section */

/* Begin PBXVariantGroup section */
		3636ED9E1F1EAAEF00BB580C /* Main.storyboard */ = {
			isa = PBXVariantGroup;
			children = (
				3636ED9F1F1EAAEF00BB580C /* Base */,
			);
			name = Main.storyboard;
			sourceTree = "<group>";
		};
		3636EDA31F1EAAEF00BB580C /* LaunchScreen.storyboard */ = {
			isa = PBXVariantGroup;
			children = (
				3636EDA41F1EAAEF00BB580C /* Base */,
			);
			name = LaunchScreen.storyboard;
			sourceTree = "<group>";
		};
/* End PBXVariantGroup section */

/* Begin XCBuildConfiguration section */
		3636EDA71F1EAAEF00BB580C /* Debug */ = {
			isa = XCBuildConfiguration;
			buildSettings = {
				ALWAYS_SEARCH_USER_PATHS = NO;
				CLANG_ANALYZER_NONNULL = YES;
				CLANG_ANALYZER_NUMBER_OBJECT_CONVERSION = YES_AGGRESSIVE;
				CLANG_CXX_LANGUAGE_STANDARD = "gnu++0x";
				CLANG_CXX_LIBRARY = "libc++";
				CLANG_ENABLE_MODULES = YES;
				CLANG_ENABLE_OBJC_ARC = YES;
				CLANG_WARN_BOOL_CONVERSION = YES;
				CLANG_WARN_CONSTANT_CONVERSION = YES;
				CLANG_WARN_DIRECT_OBJC_ISA_USAGE = YES_ERROR;
				CLANG_WARN_DOCUMENTATION_COMMENTS = YES;
				CLANG_WARN_EMPTY_BODY = YES;
				CLANG_WARN_ENUM_CONVERSION = YES;
				CLANG_WARN_INFINITE_RECURSION = YES;
				CLANG_WARN_INT_CONVERSION = YES;
				CLANG_WARN_OBJC_ROOT_CLASS = YES_ERROR;
				CLANG_WARN_SUSPICIOUS_MOVE = YES;
				CLANG_WARN_UNREACHABLE_CODE = YES;
				CLANG_WARN__DUPLICATE_METHOD_MATCH = YES;
				"CODE_SIGN_IDENTITY[sdk=iphoneos*]" = "iPhone Developer";
				COPY_PHASE_STRIP = NO;
				DEBUG_INFORMATION_FORMAT = dwarf;
				ENABLE_STRICT_OBJC_MSGSEND = YES;
				ENABLE_TESTABILITY = YES;
				GCC_C_LANGUAGE_STANDARD = gnu99;
				GCC_DYNAMIC_NO_PIC = NO;
				GCC_NO_COMMON_BLOCKS = YES;
				GCC_OPTIMIZATION_LEVEL = 0;
				GCC_PREPROCESSOR_DEFINITIONS = (
					"DEBUG=1",
					"$(inherited)",
				);
				GCC_WARN_64_TO_32_BIT_CONVERSION = YES;
				GCC_WARN_ABOUT_RETURN_TYPE = YES_ERROR;
				GCC_WARN_UNDECLARED_SELECTOR = YES;
				GCC_WARN_UNINITIALIZED_AUTOS = YES_AGGRESSIVE;
				GCC_WARN_UNUSED_FUNCTION = YES;
				GCC_WARN_UNUSED_VARIABLE = YES;
				IPHONEOS_DEPLOYMENT_TARGET = 10.3;
				MTL_ENABLE_DEBUG_INFO = YES;
				ONLY_ACTIVE_ARCH = YES;
				SDKROOT = iphoneos;
				SWIFT_ACTIVE_COMPILATION_CONDITIONS = DEBUG;
				SWIFT_OPTIMIZATION_LEVEL = "-Onone";
				TARGETED_DEVICE_FAMILY = "1,2";
			};
			name = Debug;
		};
		3636EDA81F1EAAEF00BB580C /* Release */ = {
			isa = XCBuildConfiguration;
			buildSettings = {
				ALWAYS_SEARCH_USER_PATHS = NO;
				CLANG_ANALYZER_NONNULL = YES;
				CLANG_ANALYZER_NUMBER_OBJECT_CONVERSION = YES_AGGRESSIVE;
				CLANG_CXX_LANGUAGE_STANDARD = "gnu++0x";
				CLANG_CXX_LIBRARY = "libc++";
				CLANG_ENABLE_MODULES = YES;
				CLANG_ENABLE_OBJC_ARC = YES;
				CLANG_WARN_BOOL_CONVERSION = YES;
				CLANG_WARN_CONSTANT_CONVERSION = YES;
				CLANG_WARN_DIRECT_OBJC_ISA_USAGE = YES_ERROR;
				CLANG_WARN_DOCUMENTATION_COMMENTS = YES;
				CLANG_WARN_EMPTY_BODY = YES;
				CLANG_WARN_ENUM_CONVERSION = YES;
				CLANG_WARN_INFINITE_RECURSION = YES;
				CLANG_WARN_INT_CONVERSION = YES;
				CLANG_WARN_OBJC_ROOT_CLASS = YES_ERROR;
				CLANG_WARN_SUSPICIOUS_MOVE = YES;
				CLANG_WARN_UNREACHABLE_CODE = YES;
				CLANG_WARN__DUPLICATE_METHOD_MATCH = YES;
				"CODE_SIGN_IDENTITY[sdk=iphoneos*]" = "iPhone Developer";
				COPY_PHASE_STRIP = NO;
				DEBUG_INFORMATION_FORMAT = "dwarf-with-dsym";
				ENABLE_NS_ASSERTIONS = NO;
				ENABLE_STRICT_OBJC_MSGSEND = YES;
				GCC_C_LANGUAGE_STANDARD = gnu99;
				GCC_NO_COMMON_BLOCKS = YES;
				GCC_WARN_64_TO_32_BIT_CONVERSION = YES;
				GCC_WARN_ABOUT_RETURN_TYPE = YES_ERROR;
				GCC_WARN_UNDECLARED_SELECTOR = YES;
				GCC_WARN_UNINITIALIZED_AUTOS = YES_AGGRESSIVE;
				GCC_WARN_UNUSED_FUNCTION = YES;
				GCC_WARN_UNUSED_VARIABLE = YES;
				IPHONEOS_DEPLOYMENT_TARGET = 10.3;
				MTL_ENABLE_DEBUG_INFO = NO;
				SDKROOT = iphoneos;
				SWIFT_OPTIMIZATION_LEVEL = "-Owholemodule";
				TARGETED_DEVICE_FAMILY = "1,2";
				VALIDATE_PRODUCT = YES;
			};
			name = Release;
		};
		3636EDAA1F1EAAEF00BB580C /* Debug */ = {
			isa = XCBuildConfiguration;
			baseConfigurationReference = 9FCF068837BC2E8A8C25E451 /* Pods-beachbites.debug.xcconfig */;
			buildSettings = {
				ASSETCATALOG_COMPILER_APPICON_NAME = AppIcon;
				ASSETCATALOG_COMPILER_LAUNCHIMAGE_NAME = LaunchImage;
				CODE_SIGN_ENTITLEMENTS = beachbites/beachbites.entitlements;
				"CODE_SIGN_IDENTITY[sdk=iphoneos*]" = "iPhone Developer";
				DEVELOPMENT_TEAM = 24N45J8FZG;
				INFOPLIST_FILE = beachbites/Info.plist;
				IPHONEOS_DEPLOYMENT_TARGET = 12.0;
				LD_RUNPATH_SEARCH_PATHS = "$(inherited) @executable_path/Frameworks";
				PRODUCT_BUNDLE_IDENTIFIER = com.csulb.beachbites;
				PRODUCT_NAME = "$(TARGET_NAME)";
				PROVISIONING_PROFILE = "";
				PROVISIONING_PROFILE_SPECIFIER = "";
				SWIFT_SWIFT3_OBJC_INFERENCE = On;
				SWIFT_VERSION = 4.2;
			};
			name = Debug;
		};
		3636EDAB1F1EAAEF00BB580C /* Release */ = {
			isa = XCBuildConfiguration;
			baseConfigurationReference = 6A357A3C3794DAED263746AC /* Pods-beachbites.release.xcconfig */;
			buildSettings = {
				ASSETCATALOG_COMPILER_APPICON_NAME = AppIcon;
				ASSETCATALOG_COMPILER_LAUNCHIMAGE_NAME = LaunchImage;
				CODE_SIGN_ENTITLEMENTS = beachbites/beachbites.entitlements;
				"CODE_SIGN_IDENTITY[sdk=iphoneos*]" = "iPhone Developer";
				DEVELOPMENT_TEAM = 24N45J8FZG;
				INFOPLIST_FILE = beachbites/Info.plist;
				IPHONEOS_DEPLOYMENT_TARGET = 12.0;
				LD_RUNPATH_SEARCH_PATHS = "$(inherited) @executable_path/Frameworks";
				PRODUCT_BUNDLE_IDENTIFIER = com.csulb.beachbites;
				PRODUCT_NAME = "$(TARGET_NAME)";
				PROVISIONING_PROFILE = "";
				PROVISIONING_PROFILE_SPECIFIER = "";
				SWIFT_SWIFT3_OBJC_INFERENCE = On;
				SWIFT_VERSION = 4.2;
			};
			name = Release;
		};
/* End XCBuildConfiguration section */

/* Begin XCConfigurationList section */
		3636ED921F1EAAEF00BB580C /* Build configuration list for PBXProject "beachbites" */ = {
			isa = XCConfigurationList;
			buildConfigurations = (
				3636EDA71F1EAAEF00BB580C /* Debug */,
				3636EDA81F1EAAEF00BB580C /* Release */,
			);
			defaultConfigurationIsVisible = 0;
			defaultConfigurationName = Release;
		};
		3636EDA91F1EAAEF00BB580C /* Build configuration list for PBXNativeTarget "beachbites" */ = {
			isa = XCConfigurationList;
			buildConfigurations = (
				3636EDAA1F1EAAEF00BB580C /* Debug */,
				3636EDAB1F1EAAEF00BB580C /* Release */,
			);
			defaultConfigurationIsVisible = 0;
			defaultConfigurationName = Release;
		};
/* End XCConfigurationList section */
	};
	rootObject = 3636ED8F1F1EAAEF00BB580C /* Project object */;
}
